
Microsoft Visual Studio Solution File, Format Version 12.00
# Visual Studio Version 17
VisualStudioVersion = 17.11.35327.3
MinimumVisualStudioVersion = 10.0.40219.1
Project("{9A19103F-16F7-4668-BE54-9A1E7A4F7556}") = "PizzeriaBravo.OrderService.API", "PizzeriaBravo.OrderService.API\PizzeriaBravo.OrderService.API.csproj", "{60EBA9F6-BE88-44D8-B9DF-3363F3FA6090}"
EndProject
Project("{9A19103F-16F7-4668-BE54-9A1E7A4F7556}") = "PizzeriaBravo.OrderService.DataAccess", "PizzeriaBravo.OrderService.DataAccess\PizzeriaBravo.OrderService.DataAccess.csproj", "{063FBBE9-1CB6-4D1D-BBB6-F43E9CC0C4A5}"
EndProject
Global
	GlobalSection(SolutionConfigurationPlatforms) = preSolution
		Debug|Any CPU = Debug|Any CPU
		Release|Any CPU = Release|Any CPU
	EndGlobalSection
	GlobalSection(ProjectConfigurationPlatforms) = postSolution
		{60EBA9F6-BE88-44D8-B9DF-3363F3FA6090}.Debug|Any CPU.ActiveCfg = Debug|Any CPU
		{60EBA9F6-BE88-44D8-B9DF-3363F3FA6090}.Debug|Any CPU.Build.0 = Debug|Any CPU
		{60EBA9F6-BE88-44D8-B9DF-3363F3FA6090}.Release|Any CPU.ActiveCfg = Release|Any CPU
		{60EBA9F6-BE88-44D8-B9DF-3363F3FA6090}.Release|Any CPU.Build.0 = Release|Any CPU
		{063FBBE9-1CB6-4D1D-BBB6-F43E9CC0C4A5}.Debug|Any CPU.ActiveCfg = Debug|Any CPU
		{063FBBE9-1CB6-4D1D-BBB6-F43E9CC0C4A5}.Debug|Any CPU.Build.0 = Debug|Any CPU
		{063FBBE9-1CB6-4D1D-BBB6-F43E9CC0C4A5}.Release|Any CPU.ActiveCfg = Release|Any CPU
		{063FBBE9-1CB6-4D1D-BBB6-F43E9CC0C4A5}.Release|Any CPU.Build.0 = Release|Any CPU
	EndGlobalSection
	GlobalSection(SolutionProperties) = preSolution
		HideSolutionNode = FALSE
	EndGlobalSection
	GlobalSection(ExtensibilityGlobals) = postSolution
		SolutionGuid = {B337F01F-3B29-4040-A57C-649101CF9DEE}
	EndGlobalSection
EndGlobal
